
Microsoft Visual Studio Solution File, Format Version 12.00
# Visual Studio Version 16
VisualStudioVersion = 16.0.31624.102
MinimumVisualStudioVersion = 10.0.40219.1
Project("{2150E333-8FDC-42A3-9474-1A3956D46DE8}") = "DesignPatterns", "DesignPatterns", "{A72FF0A9-A083-4731-9C5D-DD76C0CE0CE9}"
EndProject
Project("{FAE04EC0-301F-11D3-BF4B-00C04F79EFBC}") = "AdapterPattern", "DesignPatterns\AdapterPattern\AdapterPattern.csproj", "{6C2ACA5D-7F4B-432F-9BBD-31E95B61E9B0}"
EndProject
Project("{FAE04EC0-301F-11D3-BF4B-00C04F79EFBC}") = "BridgePattern", "DesignPatterns\BridgePattern\BridgePattern.csproj", "{1C47B8D8-5CA8-40B1-8F71-D40E8FCFE23D}"
EndProject
Project("{FAE04EC0-301F-11D3-BF4B-00C04F79EFBC}") = "BuilderPattern", "DesignPatterns\BuilderPattern\BuilderPattern.csproj", "{082CCC44-C881-437D-AC37-311D5F00B27B}"
EndProject
Project("{FAE04EC0-301F-11D3-BF4B-00C04F79EFBC}") = "ChainofResponsibilityPattern", "DesignPatterns\ChainofResponsibilityPattern\ChainofResponsibilityPattern.csproj", "{52CE19CA-91ED-4486-B34A-15287170B7B8}"
EndProject
Project("{FAE04EC0-301F-11D3-BF4B-00C04F79EFBC}") = "CommandPattern", "DesignPatterns\CommandPattern\CommandPattern.csproj", "{8F381430-67AB-499A-A960-99F1BBC99B9C}"
EndProject
Global
	GlobalSection(SolutionConfigurationPlatforms) = preSolution
		Debug|Any CPU = Debug|Any CPU
		Release|Any CPU = Release|Any CPU
	EndGlobalSection
	GlobalSection(ProjectConfigurationPlatforms) = postSolution
		{6C2ACA5D-7F4B-432F-9BBD-31E95B61E9B0}.Debug|Any CPU.ActiveCfg = Debug|Any CPU
		{6C2ACA5D-7F4B-432F-9BBD-31E95B61E9B0}.Debug|Any CPU.Build.0 = Debug|Any CPU
		{6C2ACA5D-7F4B-432F-9BBD-31E95B61E9B0}.Release|Any CPU.ActiveCfg = Release|Any CPU
		{6C2ACA5D-7F4B-432F-9BBD-31E95B61E9B0}.Release|Any CPU.Build.0 = Release|Any CPU
		{1C47B8D8-5CA8-40B1-8F71-D40E8FCFE23D}.Debug|Any CPU.ActiveCfg = Debug|Any CPU
		{1C47B8D8-5CA8-40B1-8F71-D40E8FCFE23D}.Debug|Any CPU.Build.0 = Debug|Any CPU
		{1C47B8D8-5CA8-40B1-8F71-D40E8FCFE23D}.Release|Any CPU.ActiveCfg = Release|Any CPU
		{1C47B8D8-5CA8-40B1-8F71-D40E8FCFE23D}.Release|Any CPU.Build.0 = Release|Any CPU
		{082CCC44-C881-437D-AC37-311D5F00B27B}.Debug|Any CPU.ActiveCfg = Debug|Any CPU
		{082CCC44-C881-437D-AC37-311D5F00B27B}.Debug|Any CPU.Build.0 = Debug|Any CPU
		{082CCC44-C881-437D-AC37-311D5F00B27B}.Release|Any CPU.ActiveCfg = Release|Any CPU
		{082CCC44-C881-437D-AC37-311D5F00B27B}.Release|Any CPU.Build.0 = Release|Any CPU
		{52CE19CA-91ED-4486-B34A-15287170B7B8}.Debug|Any CPU.ActiveCfg = Debug|Any CPU
		{52CE19CA-91ED-4486-B34A-15287170B7B8}.Debug|Any CPU.Build.0 = Debug|Any CPU
		{52CE19CA-91ED-4486-B34A-15287170B7B8}.Release|Any CPU.ActiveCfg = Release|Any CPU
		{52CE19CA-91ED-4486-B34A-15287170B7B8}.Release|Any CPU.Build.0 = Release|Any CPU
		{8F381430-67AB-499A-A960-99F1BBC99B9C}.Debug|Any CPU.ActiveCfg = Debug|Any CPU
		{8F381430-67AB-499A-A960-99F1BBC99B9C}.Debug|Any CPU.Build.0 = Debug|Any CPU
		{8F381430-67AB-499A-A960-99F1BBC99B9C}.Release|Any CPU.ActiveCfg = Release|Any CPU
		{8F381430-67AB-499A-A960-99F1BBC99B9C}.Release|Any CPU.Build.0 = Release|Any CPU
	EndGlobalSection
	GlobalSection(SolutionProperties) = preSolution
		HideSolutionNode = FALSE
	EndGlobalSection
	GlobalSection(NestedProjects) = preSolution
		{6C2ACA5D-7F4B-432F-9BBD-31E95B61E9B0} = {A72FF0A9-A083-4731-9C5D-DD76C0CE0CE9}
		{1C47B8D8-5CA8-40B1-8F71-D40E8FCFE23D} = {A72FF0A9-A083-4731-9C5D-DD76C0CE0CE9}
		{082CCC44-C881-437D-AC37-311D5F00B27B} = {A72FF0A9-A083-4731-9C5D-DD76C0CE0CE9}
		{52CE19CA-91ED-4486-B34A-15287170B7B8} = {A72FF0A9-A083-4731-9C5D-DD76C0CE0CE9}
		{8F381430-67AB-499A-A960-99F1BBC99B9C} = {A72FF0A9-A083-4731-9C5D-DD76C0CE0CE9}
	EndGlobalSection
	GlobalSection(ExtensibilityGlobals) = postSolution
		SolutionGuid = {793D474C-51FA-423C-976C-E5DAE5BD8078}
	EndGlobalSection
EndGlobal
